
Microsoft Visual Studio Solution File, Format Version 12.00
# Visual Studio 15
VisualStudioVersion = 15.0.27703.2042
MinimumVisualStudioVersion = 10.0.40219.1
Project("{FAE04EC0-301F-11D3-BF4B-00C04F79EFBC}") = "ACM.BL", "ACM.BL\ACM.BL.csproj", "{4FB54BFD-80EF-400F-BC00-284CD835E00A}"
EndProject
Project("{2150E333-8FDC-42A3-9474-1A3956D46DE8}") = "Tests", "Tests", "{AECDD6DD-1DB0-4D1B-B9F4-FD400A5C4B0A}"
EndProject
Project("{FAE04EC0-301F-11D3-BF4B-00C04F79EFBC}") = "ACM.BL.Test", "ACM.BL.Test\ACM.BL.Test.csproj", "{C5600788-C382-46F9-9D30-CC3D753C58C6}"
EndProject
Global
	GlobalSection(SolutionConfigurationPlatforms) = preSolution
		Debug|Any CPU = Debug|Any CPU
		Release|Any CPU = Release|Any CPU
	EndGlobalSection
	GlobalSection(ProjectConfigurationPlatforms) = postSolution
		{4FB54BFD-80EF-400F-BC00-284CD835E00A}.Debug|Any CPU.ActiveCfg = Debug|Any CPU
		{4FB54BFD-80EF-400F-BC00-284CD835E00A}.Debug|Any CPU.Build.0 = Debug|Any CPU
		{4FB54BFD-80EF-400F-BC00-284CD835E00A}.Release|Any CPU.ActiveCfg = Release|Any CPU
		{4FB54BFD-80EF-400F-BC00-284CD835E00A}.Release|Any CPU.Build.0 = Release|Any CPU
		{C5600788-C382-46F9-9D30-CC3D753C58C6}.Debug|Any CPU.ActiveCfg = Debug|Any CPU
		{C5600788-C382-46F9-9D30-CC3D753C58C6}.Debug|Any CPU.Build.0 = Debug|Any CPU
		{C5600788-C382-46F9-9D30-CC3D753C58C6}.Release|Any CPU.ActiveCfg = Release|Any CPU
		{C5600788-C382-46F9-9D30-CC3D753C58C6}.Release|Any CPU.Build.0 = Release|Any CPU
	EndGlobalSection
	GlobalSection(SolutionProperties) = preSolution
		HideSolutionNode = FALSE
	EndGlobalSection
	GlobalSection(NestedProjects) = preSolution
		{C5600788-C382-46F9-9D30-CC3D753C58C6} = {AECDD6DD-1DB0-4D1B-B9F4-FD400A5C4B0A}
	EndGlobalSection
	GlobalSection(ExtensibilityGlobals) = postSolution
		SolutionGuid = {1C80A242-F1DF-460D-9772-B4A6B8C61BB4}
	EndGlobalSection
EndGlobal
