
Microsoft Visual Studio Solution File, Format Version 12.00
# Visual Studio 15
VisualStudioVersion = 15.0.27703.2042
MinimumVisualStudioVersion = 10.0.40219.1
Project("{FAE04EC0-301F-11D3-BF4B-00C04F79EFBC}") = "ACM.BL", "ACM.BL\ACM.BL.csproj", "{4FB54BFD-80EF-400F-BC00-284CD835E00A}"
EndProject
Global
	GlobalSection(SolutionConfigurationPlatforms) = preSolution
		Debug|Any CPU = Debug|Any CPU
		Release|Any CPU = Release|Any CPU
	EndGlobalSection
	GlobalSection(ProjectConfigurationPlatforms) = postSolution
		{4FB54BFD-80EF-400F-BC00-284CD835E00A}.Debug|Any CPU.ActiveCfg = Debug|Any CPU
		{4FB54BFD-80EF-400F-BC00-284CD835E00A}.Debug|Any CPU.Build.0 = Debug|Any CPU
		{4FB54BFD-80EF-400F-BC00-284CD835E00A}.Release|Any CPU.ActiveCfg = Release|Any CPU
		{4FB54BFD-80EF-400F-BC00-284CD835E00A}.Release|Any CPU.Build.0 = Release|Any CPU
	EndGlobalSection
	GlobalSection(SolutionProperties) = preSolution
		HideSolutionNode = FALSE
	EndGlobalSection
	GlobalSection(ExtensibilityGlobals) = postSolution
		SolutionGuid = {1C80A242-F1DF-460D-9772-B4A6B8C61BB4}
	EndGlobalSection
EndGlobal
